
Microsoft Visual Studio Solution File, Format Version 12.00
# Visual Studio Version 17
VisualStudioVersion = 17.10.35013.160
MinimumVisualStudioVersion = 10.0.40219.1
Project("{FAE04EC0-301F-11D3-BF4B-00C04F79EFBC}") = "FirstAPIProject", "FirstAPIProject\FirstAPIProject.csproj", "{688BB144-7D97-426A-A609-A2AAE510E93D}"
EndProject
Global
	GlobalSection(SolutionConfigurationPlatforms) = preSolution
		Debug|Any CPU = Debug|Any CPU
		Release|Any CPU = Release|Any CPU
	EndGlobalSection
	GlobalSection(ProjectConfigurationPlatforms) = postSolution
		{688BB144-7D97-426A-A609-A2AAE510E93D}.Debug|Any CPU.ActiveCfg = Debug|Any CPU
		{688BB144-7D97-426A-A609-A2AAE510E93D}.Debug|Any CPU.Build.0 = Debug|Any CPU
		{688BB144-7D97-426A-A609-A2AAE510E93D}.Release|Any CPU.ActiveCfg = Release|Any CPU
		{688BB144-7D97-426A-A609-A2AAE510E93D}.Release|Any CPU.Build.0 = Release|Any CPU
	EndGlobalSection
	GlobalSection(SolutionProperties) = preSolution
		HideSolutionNode = FALSE
	EndGlobalSection
	GlobalSection(ExtensibilityGlobals) = postSolution
		SolutionGuid = {CC39CD71-BDB0-4403-8CFD-B2A2E15048C4}
	EndGlobalSection
EndGlobal
